// !$*UTF8*$!
{
	archiveVersion = 1;
	classes = {
	};
	objectVersion = 50;
	objects = {

/* Begin PBXBuildFile section */
		F18563D327216F3D0072CB0E /* AppDelegate.swift in Sources */ = {isa = PBXBuildFile; fileRef = F18563D227216F3D0072CB0E /* AppDelegate.swift */; };
		F18563D527216F3D0072CB0E /* SceneDelegate.swift in Sources */ = {isa = PBXBuildFile; fileRef = F18563D427216F3D0072CB0E /* SceneDelegate.swift */; };
		F18563D727216F3D0072CB0E /* ViewController.swift in Sources */ = {isa = PBXBuildFile; fileRef = F18563D627216F3D0072CB0E /* ViewController.swift */; };
		F18563DA27216F3D0072CB0E /* Main.storyboard in Resources */ = {isa = PBXBuildFile; fileRef = F18563D827216F3D0072CB0E /* Main.storyboard */; };
		F18563DD27216F3D0072CB0E /* IOS19_EX1.xcdatamodeld in Sources */ = {isa = PBXBuildFile; fileRef = F18563DB27216F3D0072CB0E /* IOS19_EX1.xcdatamodeld */; };
		F18563DF27216F3D0072CB0E /* Assets.xcassets in Resources */ = {isa = PBXBuildFile; fileRef = F18563DE27216F3D0072CB0E /* Assets.xcassets */; };
		F18563E227216F3D0072CB0E /* LaunchScreen.storyboard in Resources */ = {isa = PBXBuildFile; fileRef = F18563E027216F3D0072CB0E /* LaunchScreen.storyboard */; };
		F18563EA272172A30072CB0E /* DataImage.swift in Sources */ = {isa = PBXBuildFile; fileRef = F18563E9272172A30072CB0E /* DataImage.swift */; };
/* End PBXBuildFile section */

/* Begin PBXFileReference section */
		F18563CF27216F3D0072CB0E /* IOS19-EX1.app */ = {isa = PBXFileReference; explicitFileType = wrapper.application; includeInIndex = 0; path = "IOS19-EX1.app"; sourceTree = BUILT_PRODUCTS_DIR; };
		F18563D227216F3D0072CB0E /* AppDelegate.swift */ = {isa = PBXFileReference; lastKnownFileType = sourcecode.swift; path = AppDelegate.swift; sourceTree = "<group>"; };
		F18563D427216F3D0072CB0E /* SceneDelegate.swift */ = {isa = PBXFileReference; lastKnownFileType = sourcecode.swift; path = SceneDelegate.swift; sourceTree = "<group>"; };
		F18563D627216F3D0072CB0E /* ViewController.swift */ = {isa = PBXFileReference; lastKnownFileType = sourcecode.swift; path = ViewController.swift; sourceTree = "<group>"; };
		F18563D927216F3D0072CB0E /* Base */ = {isa = PBXFileReference; lastKnownFileType = file.storyboard; name = Base; path = Base.lproj/Main.storyboard; sourceTree = "<group>"; };
		F18563DC27216F3D0072CB0E /* IOS19_EX1.xcdatamodel */ = {isa = PBXFileReference; lastKnownFileType = wrapper.xcdatamodel; path = IOS19_EX1.xcdatamodel; sourceTree = "<group>"; };
		F18563DE27216F3D0072CB0E /* Assets.xcassets */ = {isa = PBXFileReference; lastKnownFileType = folder.assetcatalog; path = Assets.xcassets; sourceTree = "<group>"; };
		F18563E127216F3D0072CB0E /* Base */ = {isa = PBXFileReference; lastKnownFileType = file.storyboard; name = Base; path = Base.lproj/LaunchScreen.storyboard; sourceTree = "<group>"; };
		F18563E327216F3D0072CB0E /* Info.plist */ = {isa = PBXFileReference; lastKnownFileType = text.plist.xml; path = Info.plist; sourceTree = "<group>"; };
		F18563E9272172A30072CB0E /* DataImage.swift */ = {isa = PBXFileReference; lastKnownFileType = sourcecode.swift; path = DataImage.swift; sourceTree = "<group>"; };
/* End PBXFileReference section */

/* Begin PBXFrameworksBuildPhase section */
		F18563CC27216F3D0072CB0E /* Frameworks */ = {
			isa = PBXFrameworksBuildPhase;
			buildActionMask = 2147483647;
			files = (
			);
			runOnlyForDeploymentPostprocessing = 0;
		};
/* End PBXFrameworksBuildPhase section */

/* Begin PBXGroup section */
		F18563C627216F3D0072CB0E = {
			isa = PBXGroup;
			children = (
				F18563D127216F3D0072CB0E /* IOS19-EX1 */,
				F18563D027216F3D0072CB0E /* Products */,
			);
			sourceTree = "<group>";
		};
		F18563D027216F3D0072CB0E /* Products */ = {
			isa = PBXGroup;
			children = (
				F18563CF27216F3D0072CB0E /* IOS19-EX1.app */,
			);
			name = Products;
			sourceTree = "<group>";
		};
		F18563D127216F3D0072CB0E /* IOS19-EX1 */ = {
			isa = PBXGroup;
			children = (
				F18563D227216F3D0072CB0E /* AppDelegate.swift */,
				F18563D427216F3D0072CB0E /* SceneDelegate.swift */,
				F18563D627216F3D0072CB0E /* ViewController.swift */,
				F18563D827216F3D0072CB0E /* Main.storyboard */,
				F18563DE27216F3D0072CB0E /* Assets.xcassets */,
				F18563E027216F3D0072CB0E /* LaunchScreen.storyboard */,
				F18563E327216F3D0072CB0E /* Info.plist */,
				F18563DB27216F3D0072CB0E /* IOS19_EX1.xcdatamodeld */,
				F18563E9272172A30072CB0E /* DataImage.swift */,
			);
			path = "IOS19-EX1";
			sourceTree = "<group>";
		};
/* End PBXGroup section */

/* Begin PBXNativeTarget section */
		F18563CE27216F3D0072CB0E /* IOS19-EX1 */ = {
			isa = PBXNativeTarget;
			buildConfigurationList = F18563E627216F3D0072CB0E /* Build configuration list for PBXNativeTarget "IOS19-EX1" */;
			buildPhases = (
				F18563CB27216F3D0072CB0E /* Sources */,
				F18563CC27216F3D0072CB0E /* Frameworks */,
				F18563CD27216F3D0072CB0E /* Resources */,
			);
			buildRules = (
			);
			dependencies = (
			);
			name = "IOS19-EX1";
			productName = "IOS19-EX1";
			productReference = F18563CF27216F3D0072CB0E /* IOS19-EX1.app */;
			productType = "com.apple.product-type.application";
		};
/* End PBXNativeTarget section */

/* Begin PBXProject section */
		F18563C727216F3D0072CB0E /* Project object */ = {
			isa = PBXProject;
			attributes = {
				LastSwiftUpdateCheck = 1250;
				LastUpgradeCheck = 1250;
				TargetAttributes = {
					F18563CE27216F3D0072CB0E = {
						CreatedOnToolsVersion = 12.5;
					};
				};
			};
			buildConfigurationList = F18563CA27216F3D0072CB0E /* Build configuration list for PBXProject "IOS19-EX1" */;
			compatibilityVersion = "Xcode 9.3";
			developmentRegion = en;
			hasScannedForEncodings = 0;
			knownRegions = (
				en,
				Base,
			);
			mainGroup = F18563C627216F3D0072CB0E;
			productRefGroup = F18563D027216F3D0072CB0E /* Products */;
			projectDirPath = "";
			projectRoot = "";
			targets = (
				F18563CE27216F3D0072CB0E /* IOS19-EX1 */,
			);
		};
/* End PBXProject section */

/* Begin PBXResourcesBuildPhase section */
		F18563CD27216F3D0072CB0E /* Resources */ = {
			isa = PBXResourcesBuildPhase;
			buildActionMask = 2147483647;
			files = (
				F18563E227216F3D0072CB0E /* LaunchScreen.storyboard in Resources */,
				F18563DF27216F3D0072CB0E /* Assets.xcassets in Resources */,
				F18563DA27216F3D0072CB0E /* Main.storyboard in Resources */,
			);
			runOnlyForDeploymentPostprocessing = 0;
		};
/* End PBXResourcesBuildPhase section */

/* Begin PBXSourcesBuildPhase section */
		F18563CB27216F3D0072CB0E /* Sources */ = {
			isa = PBXSourcesBuildPhase;
			buildActionMask = 2147483647;
			files = (
				F18563DD27216F3D0072CB0E /* IOS19_EX1.xcdatamodeld in Sources */,
				F18563D727216F3D0072CB0E /* ViewController.swift in Sources */,
				F18563EA272172A30072CB0E /* DataImage.swift in Sources */,
				F18563D327216F3D0072CB0E /* AppDelegate.swift in Sources */,
				F18563D527216F3D0072CB0E /* SceneDelegate.swift in Sources */,
			);
			runOnlyForDeploymentPostprocessing = 0;
		};
/* End PBXSourcesBuildPhase section */

/* Begin PBXVariantGroup section */
		F18563D827216F3D0072CB0E /* Main.storyboard */ = {
			isa = PBXVariantGroup;
			children = (
				F18563D927216F3D0072CB0E /* Base */,
			);
			name = Main.storyboard;
			sourceTree = "<group>";
		};
		F18563E027216F3D0072CB0E /* LaunchScreen.storyboard */ = {
			isa = PBXVariantGroup;
			children = (
				F18563E127216F3D0072CB0E /* Base */,
			);
			name = LaunchScreen.storyboard;
			sourceTree = "<group>";
		};
/* End PBXVariantGroup section */

/* Begin XCBuildConfiguration section */
		F18563E427216F3D0072CB0E /* Debug */ = {
			isa = XCBuildConfiguration;
			buildSettings = {
				ALWAYS_SEARCH_USER_PATHS = NO;
				CLANG_ANALYZER_NONNULL = YES;
				CLANG_ANALYZER_NUMBER_OBJECT_CONVERSION = YES_AGGRESSIVE;
				CLANG_CXX_LANGUAGE_STANDARD = "gnu++14";
				CLANG_CXX_LIBRARY = "libc++";
				CLANG_ENABLE_MODULES = YES;
				CLANG_ENABLE_OBJC_ARC = YES;
				CLANG_ENABLE_OBJC_WEAK = YES;
				CLANG_WARN_BLOCK_CAPTURE_AUTORELEASING = YES;
				CLANG_WARN_BOOL_CONVERSION = YES;
				CLANG_WARN_COMMA = YES;
				CLANG_WARN_CONSTANT_CONVERSION = YES;
				CLANG_WARN_DEPRECATED_OBJC_IMPLEMENTATIONS = YES;
				CLANG_WARN_DIRECT_OBJC_ISA_USAGE = YES_ERROR;
				CLANG_WARN_DOCUMENTATION_COMMENTS = YES;
				CLANG_WARN_EMPTY_BODY = YES;
				CLANG_WARN_ENUM_CONVERSION = YES;
				CLANG_WARN_INFINITE_RECURSION = YES;
				CLANG_WARN_INT_CONVERSION = YES;
				CLANG_WARN_NON_LITERAL_NULL_CONVERSION = YES;
				CLANG_WARN_OBJC_IMPLICIT_RETAIN_SELF = YES;
				CLANG_WARN_OBJC_LITERAL_CONVERSION = YES;
				CLANG_WARN_OBJC_ROOT_CLASS = YES_ERROR;
				CLANG_WARN_QUOTED_INCLUDE_IN_FRAMEWORK_HEADER = YES;
				CLANG_WARN_RANGE_LOOP_ANALYSIS = YES;
				CLANG_WARN_STRICT_PROTOTYPES = YES;
				CLANG_WARN_SUSPICIOUS_MOVE = YES;
				CLANG_WARN_UNGUARDED_AVAILABILITY = YES_AGGRESSIVE;
				CLANG_WARN_UNREACHABLE_CODE = YES;
				CLANG_WARN__DUPLICATE_METHOD_MATCH = YES;
				COPY_PHASE_STRIP = NO;
				DEBUG_INFORMATION_FORMAT = dwarf;
				ENABLE_STRICT_OBJC_MSGSEND = YES;
				ENABLE_TESTABILITY = YES;
				GCC_C_LANGUAGE_STANDARD = gnu11;
				GCC_DYNAMIC_NO_PIC = NO;
				GCC_NO_COMMON_BLOCKS = YES;
				GCC_OPTIMIZATION_LEVEL = 0;
				GCC_PREPROCESSOR_DEFINITIONS = (
					"DEBUG=1",
					"$(inherited)",
				);
				GCC_WARN_64_TO_32_BIT_CONVERSION = YES;
				GCC_WARN_ABOUT_RETURN_TYPE = YES_ERROR;
				GCC_WARN_UNDECLARED_SELECTOR = YES;
				GCC_WARN_UNINITIALIZED_AUTOS = YES_AGGRESSIVE;
				GCC_WARN_UNUSED_FUNCTION = YES;
				GCC_WARN_UNUSED_VARIABLE = YES;
				IPHONEOS_DEPLOYMENT_TARGET = 14.5;
				MTL_ENABLE_DEBUG_INFO = INCLUDE_SOURCE;
				MTL_FAST_MATH = YES;
				ONLY_ACTIVE_ARCH = YES;
				SDKROOT = iphoneos;
				SWIFT_ACTIVE_COMPILATION_CONDITIONS = DEBUG;
				SWIFT_OPTIMIZATION_LEVEL = "-Onone";
			};
			name = Debug;
		};
		F18563E527216F3D0072CB0E /* Release */ = {
			isa = XCBuildConfiguration;
			buildSettings = {
				ALWAYS_SEARCH_USER_PATHS = NO;
				CLANG_ANALYZER_NONNULL = YES;
				CLANG_ANALYZER_NUMBER_OBJECT_CONVERSION = YES_AGGRESSIVE;
				CLANG_CXX_LANGUAGE_STANDARD = "gnu++14";
				CLANG_CXX_LIBRARY = "libc++";
				CLANG_ENABLE_MODULES = YES;
				CLANG_ENABLE_OBJC_ARC = YES;
				CLANG_ENABLE_OBJC_WEAK = YES;
				CLANG_WARN_BLOCK_CAPTURE_AUTORELEASING = YES;
				CLANG_WARN_BOOL_CONVERSION = YES;
				CLANG_WARN_COMMA = YES;
				CLANG_WARN_CONSTANT_CONVERSION = YES;
				CLANG_WARN_DEPRECATED_OBJC_IMPLEMENTATIONS = YES;
				CLANG_WARN_DIRECT_OBJC_ISA_USAGE = YES_ERROR;
				CLANG_WARN_DOCUMENTATION_COMMENTS = YES;
				CLANG_WARN_EMPTY_BODY = YES;
				CLANG_WARN_ENUM_CONVERSION = YES;
				CLANG_WARN_INFINITE_RECURSION = YES;
				CLANG_WARN_INT_CONVERSION = YES;
				CLANG_WARN_NON_LITERAL_NULL_CONVERSION = YES;
				CLANG_WARN_OBJC_IMPLICIT_RETAIN_SELF = YES;
				CLANG_WARN_OBJC_LITERAL_CONVERSION = YES;
				CLANG_WARN_OBJC_ROOT_CLASS = YES_ERROR;
				CLANG_WARN_QUOTED_INCLUDE_IN_FRAMEWORK_HEADER = YES;
				CLANG_WARN_RANGE_LOOP_ANALYSIS = YES;
				CLANG_WARN_STRICT_PROTOTYPES = YES;
				CLANG_WARN_SUSPICIOUS_MOVE = YES;
				CLANG_WARN_UNGUARDED_AVAILABILITY = YES_AGGRESSIVE;
				CLANG_WARN_UNREACHABLE_CODE = YES;
				CLANG_WARN__DUPLICATE_METHOD_MATCH = YES;
				COPY_PHASE_STRIP = NO;
				DEBUG_INFORMATION_FORMAT = "dwarf-with-dsym";
				ENABLE_NS_ASSERTIONS = NO;
				ENABLE_STRICT_OBJC_MSGSEND = YES;
				GCC_C_LANGUAGE_STANDARD = gnu11;
				GCC_NO_COMMON_BLOCKS = YES;
				GCC_WARN_64_TO_32_BIT_CONVERSION = YES;
				GCC_WARN_ABOUT_RETURN_TYPE = YES_ERROR;
				GCC_WARN_UNDECLARED_SELECTOR = YES;
				GCC_WARN_UNINITIALIZED_AUTOS = YES_AGGRESSIVE;
				GCC_WARN_UNUSED_FUNCTION = YES;
				GCC_WARN_UNUSED_VARIABLE = YES;
				IPHONEOS_DEPLOYMENT_TARGET = 14.5;
				MTL_ENABLE_DEBUG_INFO = NO;
				MTL_FAST_MATH = YES;
				SDKROOT = iphoneos;
				SWIFT_COMPILATION_MODE = wholemodule;
				SWIFT_OPTIMIZATION_LEVEL = "-O";
				VALIDATE_PRODUCT = YES;
			};
			name = Release;
		};
		F18563E727216F3D0072CB0E /* Debug */ = {
			isa = XCBuildConfiguration;
			buildSettings = {
				ASSETCATALOG_COMPILER_APPICON_NAME = AppIcon;
				ASSETCATALOG_COMPILER_GLOBAL_ACCENT_COLOR_NAME = AccentColor;
				CODE_SIGN_STYLE = Automatic;
				INFOPLIST_FILE = "IOS19-EX1/Info.plist";
				LD_RUNPATH_SEARCH_PATHS = (
					"$(inherited)",
					"@executable_path/Frameworks",
				);
				PRODUCT_BUNDLE_IDENTIFIER = "com.imen.IOS19-EX1";
				PRODUCT_NAME = "$(TARGET_NAME)";
				SWIFT_VERSION = 5.0;
				TARGETED_DEVICE_FAMILY = "1,2";
			};
			name = Debug;
		};
		F18563E827216F3D0072CB0E /* Release */ = {
			isa = XCBuildConfiguration;
			buildSettings = {
				ASSETCATALOG_COMPILER_APPICON_NAME = AppIcon;
				ASSETCATALOG_COMPILER_GLOBAL_ACCENT_COLOR_NAME = AccentColor;
				CODE_SIGN_STYLE = Automatic;
				INFOPLIST_FILE = "IOS19-EX1/Info.plist";
				LD_RUNPATH_SEARCH_PATHS = (
					"$(inherited)",
					"@executable_path/Frameworks",
				);
				PRODUCT_BUNDLE_IDENTIFIER = "com.imen.IOS19-EX1";
				PRODUCT_NAME = "$(TARGET_NAME)";
				SWIFT_VERSION = 5.0;
				TARGETED_DEVICE_FAMILY = "1,2";
			};
			name = Release;
		};
/* End XCBuildConfiguration section */

/* Begin XCConfigurationList section */
		F18563CA27216F3D0072CB0E /* Build configuration list for PBXProject "IOS19-EX1" */ = {
			isa = XCConfigurationList;
			buildConfigurations = (
				F18563E427216F3D0072CB0E /* Debug */,
				F18563E527216F3D0072CB0E /* Release */,
			);
			defaultConfigurationIsVisible = 0;
			defaultConfigurationName = Release;
		};
		F18563E627216F3D0072CB0E /* Build configuration list for PBXNativeTarget "IOS19-EX1" */ = {
			isa = XCConfigurationList;
			buildConfigurations = (
				F18563E727216F3D0072CB0E /* Debug */,
				F18563E827216F3D0072CB0E /* Release */,
			);
			defaultConfigurationIsVisible = 0;
			defaultConfigurationName = Release;
		};
/* End XCConfigurationList section */

/* Begin XCVersionGroup section */
		F18563DB27216F3D0072CB0E /* IOS19_EX1.xcdatamodeld */ = {
			isa = XCVersionGroup;
			children = (
				F18563DC27216F3D0072CB0E /* IOS19_EX1.xcdatamodel */,
			);
			currentVersion = F18563DC27216F3D0072CB0E /* IOS19_EX1.xcdatamodel */;
			path = IOS19_EX1.xcdatamodeld;
			sourceTree = "<group>";
			versionGroupType = wrapper.xcdatamodel;
		};
/* End XCVersionGroup section */
	};
	rootObject = F18563C727216F3D0072CB0E /* Project object */;
}
